{
  "name": "appearance",
  "lockfileVersion": 3,
  "requires": true,
  "packages": {
    "": {
      "dependencies": {
        "@fancyapps/fancybox": "^3.5.7",
        "@fortawesome/fontawesome-free": "^6.5.1",
        "bootstrap": "^5.3.2",
        "bootswatch": "^5.3.2",
        "dropzone": "^6.0.0-beta.2",
        "jquery": "^3.7.1",
        "jquery-form": "^4.3.0",
        "jquery-lazyload": "^1.9.7",
        "jquery-match-height": "^0.7.2",
        "select2": "^4.1.0-rc.0",
        "signature_pad": "^4.1.7",
        "toastr": "^2.1.4",
        "urijs": "^1.19.11"
      }
    },
    "node_modules/@fancyapps/fancybox": {
      "version": "3.5.7",
      "resolved": "https://registry.npmjs.org/@fancyapps/fancybox/-/fancybox-3.5.7.tgz",
      "integrity": "sha512-rcEtu8t+WnmqIDV/Wfm1yvy/nDdwc7YV25j9HLxGC2/WOsUhk9rcWg2nB8g1BrjRt9zaoADdjHTU6ILYTJzBBg==",
      "peerDependencies": {
        "jquery": ">=1.9.0"
      }
    },
    "node_modules/@fortawesome/fontawesome-free": {
      "version": "6.5.1",
      "resolved": "https://registry.npmjs.org/@fortawesome/fontawesome-free/-/fontawesome-free-6.5.1.tgz",
      "integrity": "sha512-CNy5vSwN3fsUStPRLX7fUYojyuzoEMSXPl7zSLJ8TgtRfjv24LOnOWKT2zYwaHZCJGkdyRnTmstR0P+Ah503Gw==",
      "hasInstallScript": true,
      "engines": {
        "node": ">=6"
      }
    },
    "node_modules/@popperjs/core": {
      "version": "2.11.8",
      "resolved": "https://registry.npmjs.org/@popperjs/core/-/core-2.11.8.tgz",
      "integrity": "sha512-P1st0aksCrn9sGZhp8GMYwBnQsbvAWsZAX44oXNNvLHGqAOcoVxmjZiohstwQ7SqKnbR47akdNi+uleWD8+g6A==",
      "peer": true,
      "funding": {
        "type": "opencollective",
        "url": "https://opencollective.com/popperjs"
      }
    },
    "node_modules/@swc/helpers": {
      "version": "0.2.14",
      "resolved": "https://registry.npmjs.org/@swc/helpers/-/helpers-0.2.14.tgz",
      "integrity": "sha512-wpCQMhf5p5GhNg2MmGKXzUNwxe7zRiCsmqYsamez2beP7mKPCSiu+BjZcdN95yYSzO857kr0VfQewmGpS77nqA=="
    },
    "node_modules/bootstrap": {
      "version": "5.3.2",
      "resolved": "https://registry.npmjs.org/bootstrap/-/bootstrap-5.3.2.tgz",
      "integrity": "sha512-D32nmNWiQHo94BKHLmOrdjlL05q1c8oxbtBphQFb9Z5to6eGRDCm0QgeaZ4zFBHzfg2++rqa2JkqCcxDy0sH0g==",
      "funding": [
        {
          "type": "github",
          "url": "https://github.com/sponsors/twbs"
        },
        {
          "type": "opencollective",
          "url": "https://opencollective.com/bootstrap"
        }
      ],
      "peerDependencies": {
        "@popperjs/core": "^2.11.8"
      }
    },
    "node_modules/bootswatch": {
      "version": "5.3.2",
      "resolved": "https://registry.npmjs.org/bootswatch/-/bootswatch-5.3.2.tgz",
      "integrity": "sha512-r05xOSLSx7MJvjpk/uoU8wPYgkPHWLV+uenLaRsS7yBsqSUcWYPjeUkz+tmrRv6s1eFxkF08NvQfBSSPCTyYaA=="
    },
    "node_modules/dropzone": {
      "version": "6.0.0-beta.2",
      "resolved": "https://registry.npmjs.org/dropzone/-/dropzone-6.0.0-beta.2.tgz",
      "integrity": "sha512-k44yLuFFhRk53M8zP71FaaNzJYIzr99SKmpbO/oZKNslDjNXQsBTdfLs+iONd0U0L94zzlFzRnFdqbLcs7h9fQ==",
      "dependencies": {
        "@swc/helpers": "^0.2.13",
        "just-extend": "^5.0.0"
      }
    },
    "node_modules/jquery": {
      "version": "3.7.1",
      "resolved": "https://registry.npmjs.org/jquery/-/jquery-3.7.1.tgz",
      "integrity": "sha512-m4avr8yL8kmFN8psrbFFFmB/If14iN5o9nw/NgnnM+kybDJpRsAynV2BsfpTYrTRysYUdADVD7CkUUizgkpLfg=="
    },
    "node_modules/jquery-form": {
      "version": "4.3.0",
      "resolved": "https://registry.npmjs.org/jquery-form/-/jquery-form-4.3.0.tgz",
      "integrity": "sha512-q3uaVCEWdLOYUCI6dpNdwf/7cJFOsUgdpq6r0taxtGQ5NJSkOzofyWm4jpOuJ5YxdmL1FI5QR+q+HB63HHLGnQ==",
      "dependencies": {
        "jquery": ">=1.7.2"
      }
    },
    "node_modules/jquery-lazyload": {
      "version": "1.9.7",
      "resolved": "https://registry.npmjs.org/jquery-lazyload/-/jquery-lazyload-1.9.7.tgz",
      "integrity": "sha512-RGzGXik7yRQO8e5HRPsdPSwvTLQHa0jl444XnXMNMAslkHGLytQe21/gnzYSPhaUxnoQUCQOL8s8yJT7Xasjlw==",
      "engines": {
        "node": ">= 0.8.0"
      }
    },
    "node_modules/jquery-match-height": {
      "version": "0.7.2",
      "resolved": "https://registry.npmjs.org/jquery-match-height/-/jquery-match-height-0.7.2.tgz",
      "integrity": "sha512-qSyC0GBc4zUlgBcxfyyumJSVUm50T6XuJEIz59cKaI28VXMUT95mZ6KiIjhMIMbG8IiJhh65FtQO1XD42TAcwg=="
    },
    "node_modules/just-extend": {
      "version": "5.1.1",
      "resolved": "https://registry.npmjs.org/just-extend/-/just-extend-5.1.1.tgz",
      "integrity": "sha512-b+z6yF1d4EOyDgylzQo5IminlUmzSeqR1hs/bzjBNjuGras4FXq/6TrzjxfN0j+TmI0ltJzTNlqXUMCniciwKQ=="
    },
    "node_modules/select2": {
      "version": "4.1.0-rc.0",
      "resolved": "https://registry.npmjs.org/select2/-/select2-4.1.0-rc.0.tgz",
      "integrity": "sha512-Hr9TdhyHCZUtwznEH2CBf7967mEM0idtJ5nMtjvk3Up5tPukOLXbHUNmh10oRfeNIhj+3GD3niu+g6sVK+gK0A=="
    },
    "node_modules/signature_pad": {
      "version": "4.1.7",
      "resolved": "https://registry.npmjs.org/signature_pad/-/signature_pad-4.1.7.tgz",
      "integrity": "sha512-2Vmybep25VlDnvdgtE3v09KGawS8mL10lRpSq1RmPpLcS4eH8I1YPQUzXsxwnmepcAgDHQ2jyzgS6XhjKsYYAQ=="
    },
    "node_modules/toastr": {
      "version": "2.1.4",
      "resolved": "https://registry.npmjs.org/toastr/-/toastr-2.1.4.tgz",
      "integrity": "sha512-LIy77F5n+sz4tefMmFOntcJ6HL0Fv3k1TDnNmFZ0bU/GcvIIfy6eG2v7zQmMiYgaalAiUv75ttFrPn5s0gyqlA==",
      "dependencies": {
        "jquery": ">=1.12.0"
      }
    },
    "node_modules/urijs": {
      "version": "1.19.11",
      "resolved": "https://registry.npmjs.org/urijs/-/urijs-1.19.11.tgz",
      "integrity": "sha512-HXgFDgDommxn5/bIv0cnQZsPhHDA90NPHD6+c/v21U5+Sx5hoP8+dP9IZXBU1gIfvdRfhG8cel9QNPeionfcCQ=="
    }
  }
}
